
Microsoft Visual Studio Solution File, Format Version 12.00
# Visual Studio Version 17
VisualStudioVersion = 17.14.36429.23 d17.14
MinimumVisualStudioVersion = 10.0.40219.1
Project("{FAE04EC0-301F-11D3-BF4B-00C04F79EFBC}") = "z1", "z1\z1.csproj", "{DF331BE0-6D1E-45B9-B1A1-EC566FF9E599}"
EndProject
Project("{FAE04EC0-301F-11D3-BF4B-00C04F79EFBC}") = "z2", "z2\z2.csproj", "{25341321-56AE-4624-BB93-C94CFCB30F49}"
EndProject
Project("{FAE04EC0-301F-11D3-BF4B-00C04F79EFBC}") = "z3", "z3\z3.csproj", "{64882604-6C9D-462A-95CA-00D1D4849A7A}"
EndProject
Global
	GlobalSection(SolutionConfigurationPlatforms) = preSolution
		Debug|Any CPU = Debug|Any CPU
		Release|Any CPU = Release|Any CPU
	EndGlobalSection
	GlobalSection(ProjectConfigurationPlatforms) = postSolution
		{DF331BE0-6D1E-45B9-B1A1-EC566FF9E599}.Debug|Any CPU.ActiveCfg = Debug|Any CPU
		{DF331BE0-6D1E-45B9-B1A1-EC566FF9E599}.Debug|Any CPU.Build.0 = Debug|Any CPU
		{DF331BE0-6D1E-45B9-B1A1-EC566FF9E599}.Release|Any CPU.ActiveCfg = Release|Any CPU
		{DF331BE0-6D1E-45B9-B1A1-EC566FF9E599}.Release|Any CPU.Build.0 = Release|Any CPU
		{25341321-56AE-4624-BB93-C94CFCB30F49}.Debug|Any CPU.ActiveCfg = Debug|Any CPU
		{25341321-56AE-4624-BB93-C94CFCB30F49}.Debug|Any CPU.Build.0 = Debug|Any CPU
		{25341321-56AE-4624-BB93-C94CFCB30F49}.Release|Any CPU.ActiveCfg = Release|Any CPU
		{25341321-56AE-4624-BB93-C94CFCB30F49}.Release|Any CPU.Build.0 = Release|Any CPU
		{64882604-6C9D-462A-95CA-00D1D4849A7A}.Debug|Any CPU.ActiveCfg = Debug|Any CPU
		{64882604-6C9D-462A-95CA-00D1D4849A7A}.Debug|Any CPU.Build.0 = Debug|Any CPU
		{64882604-6C9D-462A-95CA-00D1D4849A7A}.Release|Any CPU.ActiveCfg = Release|Any CPU
		{64882604-6C9D-462A-95CA-00D1D4849A7A}.Release|Any CPU.Build.0 = Release|Any CPU
	EndGlobalSection
	GlobalSection(SolutionProperties) = preSolution
		HideSolutionNode = FALSE
	EndGlobalSection
	GlobalSection(ExtensibilityGlobals) = postSolution
		SolutionGuid = {17314C5C-3B4E-4A86-8CA4-78875E8FB390}
	EndGlobalSection
EndGlobal
