
Microsoft Visual Studio Solution File, Format Version 12.00
# Visual Studio Version 17
VisualStudioVersion = 17.14.36429.23
MinimumVisualStudioVersion = 10.0.40219.1
Project("{FAE04EC0-301F-11D3-BF4B-00C04F79EFBC}") = "d1z1", "d1z1\d1z1.csproj", "{C604CEA0-922A-44B7-8811-F92C78247A2A}"
EndProject
Project("{FAE04EC0-301F-11D3-BF4B-00C04F79EFBC}") = "z2", "z2\z2.csproj", "{EED52C21-6971-40ED-B4F8-D020AD06AF17}"
EndProject
Project("{FAE04EC0-301F-11D3-BF4B-00C04F79EFBC}") = "z3", "z3\z3.csproj", "{E29AB106-0CB4-4B22-B3CE-94345B1EA1B5}"
EndProject
Project("{FAE04EC0-301F-11D3-BF4B-00C04F79EFBC}") = "z4", "z4\z4.csproj", "{003121F9-3B20-4686-B09D-93084D73C6FC}"
EndProject
Project("{FAE04EC0-301F-11D3-BF4B-00C04F79EFBC}") = "z5", "z5\z5.csproj", "{F0B74146-67CE-42B4-B584-63C72B16E48D}"
EndProject
Project("{FAE04EC0-301F-11D3-BF4B-00C04F79EFBC}") = "z6", "z6\z6.csproj", "{201FCE22-B9AF-4AAC-A7A2-6ED59C404961}"
EndProject
Project("{FAE04EC0-301F-11D3-BF4B-00C04F79EFBC}") = "z7", "z7\z7.csproj", "{C0B75DC6-16BD-4AD2-B0FC-D93E61981746}"
EndProject
Project("{FAE04EC0-301F-11D3-BF4B-00C04F79EFBC}") = "z8", "z8\z8.csproj", "{42E42DB5-A8C1-43BC-B616-95FD964ACBBB}"
EndProject
Global
	GlobalSection(SolutionConfigurationPlatforms) = preSolution
		Debug|Any CPU = Debug|Any CPU
		Release|Any CPU = Release|Any CPU
	EndGlobalSection
	GlobalSection(ProjectConfigurationPlatforms) = postSolution
		{C604CEA0-922A-44B7-8811-F92C78247A2A}.Debug|Any CPU.ActiveCfg = Debug|Any CPU
		{C604CEA0-922A-44B7-8811-F92C78247A2A}.Debug|Any CPU.Build.0 = Debug|Any CPU
		{C604CEA0-922A-44B7-8811-F92C78247A2A}.Release|Any CPU.ActiveCfg = Release|Any CPU
		{C604CEA0-922A-44B7-8811-F92C78247A2A}.Release|Any CPU.Build.0 = Release|Any CPU
		{EED52C21-6971-40ED-B4F8-D020AD06AF17}.Debug|Any CPU.ActiveCfg = Debug|Any CPU
		{EED52C21-6971-40ED-B4F8-D020AD06AF17}.Debug|Any CPU.Build.0 = Debug|Any CPU
		{EED52C21-6971-40ED-B4F8-D020AD06AF17}.Release|Any CPU.ActiveCfg = Release|Any CPU
		{EED52C21-6971-40ED-B4F8-D020AD06AF17}.Release|Any CPU.Build.0 = Release|Any CPU
		{E29AB106-0CB4-4B22-B3CE-94345B1EA1B5}.Debug|Any CPU.ActiveCfg = Debug|Any CPU
		{E29AB106-0CB4-4B22-B3CE-94345B1EA1B5}.Debug|Any CPU.Build.0 = Debug|Any CPU
		{E29AB106-0CB4-4B22-B3CE-94345B1EA1B5}.Release|Any CPU.ActiveCfg = Release|Any CPU
		{E29AB106-0CB4-4B22-B3CE-94345B1EA1B5}.Release|Any CPU.Build.0 = Release|Any CPU
		{003121F9-3B20-4686-B09D-93084D73C6FC}.Debug|Any CPU.ActiveCfg = Debug|Any CPU
		{003121F9-3B20-4686-B09D-93084D73C6FC}.Debug|Any CPU.Build.0 = Debug|Any CPU
		{003121F9-3B20-4686-B09D-93084D73C6FC}.Release|Any CPU.ActiveCfg = Release|Any CPU
		{003121F9-3B20-4686-B09D-93084D73C6FC}.Release|Any CPU.Build.0 = Release|Any CPU
		{F0B74146-67CE-42B4-B584-63C72B16E48D}.Debug|Any CPU.ActiveCfg = Debug|Any CPU
		{F0B74146-67CE-42B4-B584-63C72B16E48D}.Debug|Any CPU.Build.0 = Debug|Any CPU
		{F0B74146-67CE-42B4-B584-63C72B16E48D}.Release|Any CPU.ActiveCfg = Release|Any CPU
		{F0B74146-67CE-42B4-B584-63C72B16E48D}.Release|Any CPU.Build.0 = Release|Any CPU
		{201FCE22-B9AF-4AAC-A7A2-6ED59C404961}.Debug|Any CPU.ActiveCfg = Debug|Any CPU
		{201FCE22-B9AF-4AAC-A7A2-6ED59C404961}.Debug|Any CPU.Build.0 = Debug|Any CPU
		{201FCE22-B9AF-4AAC-A7A2-6ED59C404961}.Release|Any CPU.ActiveCfg = Release|Any CPU
		{201FCE22-B9AF-4AAC-A7A2-6ED59C404961}.Release|Any CPU.Build.0 = Release|Any CPU
		{C0B75DC6-16BD-4AD2-B0FC-D93E61981746}.Debug|Any CPU.ActiveCfg = Debug|Any CPU
		{C0B75DC6-16BD-4AD2-B0FC-D93E61981746}.Debug|Any CPU.Build.0 = Debug|Any CPU
		{C0B75DC6-16BD-4AD2-B0FC-D93E61981746}.Release|Any CPU.ActiveCfg = Release|Any CPU
		{C0B75DC6-16BD-4AD2-B0FC-D93E61981746}.Release|Any CPU.Build.0 = Release|Any CPU
		{42E42DB5-A8C1-43BC-B616-95FD964ACBBB}.Debug|Any CPU.ActiveCfg = Debug|Any CPU
		{42E42DB5-A8C1-43BC-B616-95FD964ACBBB}.Debug|Any CPU.Build.0 = Debug|Any CPU
		{42E42DB5-A8C1-43BC-B616-95FD964ACBBB}.Release|Any CPU.ActiveCfg = Release|Any CPU
		{42E42DB5-A8C1-43BC-B616-95FD964ACBBB}.Release|Any CPU.Build.0 = Release|Any CPU
	EndGlobalSection
	GlobalSection(SolutionProperties) = preSolution
		HideSolutionNode = FALSE
	EndGlobalSection
	GlobalSection(ExtensibilityGlobals) = postSolution
		SolutionGuid = {C1CFE4F8-50CE-455C-A990-2410A682AA81}
	EndGlobalSection
EndGlobal
