
Microsoft Visual Studio Solution File, Format Version 12.00
# Visual Studio Version 17
VisualStudioVersion = 17.14.36429.23
MinimumVisualStudioVersion = 10.0.40219.1
Project("{FAE04EC0-301F-11D3-BF4B-00C04F79EFBC}") = "z1", "z1\z1.csproj", "{1A3BBDF7-697B-46FE-8A59-24E45BEF62FF}"
EndProject
Project("{FAE04EC0-301F-11D3-BF4B-00C04F79EFBC}") = "z2", "z2\z2.csproj", "{2652A3EF-3728-4B4C-BF51-25ACC5F5B12E}"
EndProject
Project("{FAE04EC0-301F-11D3-BF4B-00C04F79EFBC}") = "z3", "z3\z3.csproj", "{901B8A5F-6573-4664-9FB7-645FF3F76056}"
EndProject
Project("{FAE04EC0-301F-11D3-BF4B-00C04F79EFBC}") = "z4", "z4\z4.csproj", "{A8D99243-1D80-48C7-A84D-79A6946AD726}"
EndProject
Project("{FAE04EC0-301F-11D3-BF4B-00C04F79EFBC}") = "z5", "z5\z5.csproj", "{7700FA23-6AE8-4752-967C-7395277A5A45}"
EndProject
Project("{FAE04EC0-301F-11D3-BF4B-00C04F79EFBC}") = "z6", "z6\z6.csproj", "{C5437788-AF0F-4BAD-9B07-67EC8796920E}"
EndProject
Project("{FAE04EC0-301F-11D3-BF4B-00C04F79EFBC}") = "z7", "z7\z7.csproj", "{06485D9B-0F7F-4713-B031-7BDC5B6D165B}"
EndProject
Project("{FAE04EC0-301F-11D3-BF4B-00C04F79EFBC}") = "z8", "z8\z8.csproj", "{88FFA8FA-1467-47B3-AC52-E3B4E4E95338}"
EndProject
Project("{FAE04EC0-301F-11D3-BF4B-00C04F79EFBC}") = "z9", "z9\z9.csproj", "{BF1DD22B-7CF9-4F04-B05E-E2AAFCEFE698}"
EndProject
Project("{FAE04EC0-301F-11D3-BF4B-00C04F79EFBC}") = "z10", "z10\z10.csproj", "{7E8BB5C6-0EF6-44A6-921B-D3E7CBDC48A4}"
EndProject
Global
	GlobalSection(SolutionConfigurationPlatforms) = preSolution
		Debug|Any CPU = Debug|Any CPU
		Release|Any CPU = Release|Any CPU
	EndGlobalSection
	GlobalSection(ProjectConfigurationPlatforms) = postSolution
		{1A3BBDF7-697B-46FE-8A59-24E45BEF62FF}.Debug|Any CPU.ActiveCfg = Debug|Any CPU
		{1A3BBDF7-697B-46FE-8A59-24E45BEF62FF}.Debug|Any CPU.Build.0 = Debug|Any CPU
		{1A3BBDF7-697B-46FE-8A59-24E45BEF62FF}.Release|Any CPU.ActiveCfg = Release|Any CPU
		{1A3BBDF7-697B-46FE-8A59-24E45BEF62FF}.Release|Any CPU.Build.0 = Release|Any CPU
		{2652A3EF-3728-4B4C-BF51-25ACC5F5B12E}.Debug|Any CPU.ActiveCfg = Debug|Any CPU
		{2652A3EF-3728-4B4C-BF51-25ACC5F5B12E}.Debug|Any CPU.Build.0 = Debug|Any CPU
		{2652A3EF-3728-4B4C-BF51-25ACC5F5B12E}.Release|Any CPU.ActiveCfg = Release|Any CPU
		{2652A3EF-3728-4B4C-BF51-25ACC5F5B12E}.Release|Any CPU.Build.0 = Release|Any CPU
		{901B8A5F-6573-4664-9FB7-645FF3F76056}.Debug|Any CPU.ActiveCfg = Debug|Any CPU
		{901B8A5F-6573-4664-9FB7-645FF3F76056}.Debug|Any CPU.Build.0 = Debug|Any CPU
		{901B8A5F-6573-4664-9FB7-645FF3F76056}.Release|Any CPU.ActiveCfg = Release|Any CPU
		{901B8A5F-6573-4664-9FB7-645FF3F76056}.Release|Any CPU.Build.0 = Release|Any CPU
		{A8D99243-1D80-48C7-A84D-79A6946AD726}.Debug|Any CPU.ActiveCfg = Debug|Any CPU
		{A8D99243-1D80-48C7-A84D-79A6946AD726}.Debug|Any CPU.Build.0 = Debug|Any CPU
		{A8D99243-1D80-48C7-A84D-79A6946AD726}.Release|Any CPU.ActiveCfg = Release|Any CPU
		{A8D99243-1D80-48C7-A84D-79A6946AD726}.Release|Any CPU.Build.0 = Release|Any CPU
		{7700FA23-6AE8-4752-967C-7395277A5A45}.Debug|Any CPU.ActiveCfg = Debug|Any CPU
		{7700FA23-6AE8-4752-967C-7395277A5A45}.Debug|Any CPU.Build.0 = Debug|Any CPU
		{7700FA23-6AE8-4752-967C-7395277A5A45}.Release|Any CPU.ActiveCfg = Release|Any CPU
		{7700FA23-6AE8-4752-967C-7395277A5A45}.Release|Any CPU.Build.0 = Release|Any CPU
		{C5437788-AF0F-4BAD-9B07-67EC8796920E}.Debug|Any CPU.ActiveCfg = Debug|Any CPU
		{C5437788-AF0F-4BAD-9B07-67EC8796920E}.Debug|Any CPU.Build.0 = Debug|Any CPU
		{C5437788-AF0F-4BAD-9B07-67EC8796920E}.Release|Any CPU.ActiveCfg = Release|Any CPU
		{C5437788-AF0F-4BAD-9B07-67EC8796920E}.Release|Any CPU.Build.0 = Release|Any CPU
		{06485D9B-0F7F-4713-B031-7BDC5B6D165B}.Debug|Any CPU.ActiveCfg = Debug|Any CPU
		{06485D9B-0F7F-4713-B031-7BDC5B6D165B}.Debug|Any CPU.Build.0 = Debug|Any CPU
		{06485D9B-0F7F-4713-B031-7BDC5B6D165B}.Release|Any CPU.ActiveCfg = Release|Any CPU
		{06485D9B-0F7F-4713-B031-7BDC5B6D165B}.Release|Any CPU.Build.0 = Release|Any CPU
		{88FFA8FA-1467-47B3-AC52-E3B4E4E95338}.Debug|Any CPU.ActiveCfg = Debug|Any CPU
		{88FFA8FA-1467-47B3-AC52-E3B4E4E95338}.Debug|Any CPU.Build.0 = Debug|Any CPU
		{88FFA8FA-1467-47B3-AC52-E3B4E4E95338}.Release|Any CPU.ActiveCfg = Release|Any CPU
		{88FFA8FA-1467-47B3-AC52-E3B4E4E95338}.Release|Any CPU.Build.0 = Release|Any CPU
		{BF1DD22B-7CF9-4F04-B05E-E2AAFCEFE698}.Debug|Any CPU.ActiveCfg = Debug|Any CPU
		{BF1DD22B-7CF9-4F04-B05E-E2AAFCEFE698}.Debug|Any CPU.Build.0 = Debug|Any CPU
		{BF1DD22B-7CF9-4F04-B05E-E2AAFCEFE698}.Release|Any CPU.ActiveCfg = Release|Any CPU
		{BF1DD22B-7CF9-4F04-B05E-E2AAFCEFE698}.Release|Any CPU.Build.0 = Release|Any CPU
		{7E8BB5C6-0EF6-44A6-921B-D3E7CBDC48A4}.Debug|Any CPU.ActiveCfg = Debug|Any CPU
		{7E8BB5C6-0EF6-44A6-921B-D3E7CBDC48A4}.Debug|Any CPU.Build.0 = Debug|Any CPU
		{7E8BB5C6-0EF6-44A6-921B-D3E7CBDC48A4}.Release|Any CPU.ActiveCfg = Release|Any CPU
		{7E8BB5C6-0EF6-44A6-921B-D3E7CBDC48A4}.Release|Any CPU.Build.0 = Release|Any CPU
	EndGlobalSection
	GlobalSection(SolutionProperties) = preSolution
		HideSolutionNode = FALSE
	EndGlobalSection
	GlobalSection(ExtensibilityGlobals) = postSolution
		SolutionGuid = {81FA83D8-7B11-4DBF-B085-B950DAE630F1}
	EndGlobalSection
EndGlobal
